
Microsoft Visual Studio Solution File, Format Version 12.00
# Visual Studio Version 17
VisualStudioVersion = 17.5.002.0
MinimumVisualStudioVersion = 10.0.40219.1
Project("{9A19103F-16F7-4668-BE54-9A1E7A4F7556}") = "C#-Packet-Analysis", "C#-Packet-Analysis.csproj", "{FCB89795-3CA3-4D8F-9571-C0883A50A23F}"
EndProject
Global
	GlobalSection(SolutionConfigurationPlatforms) = preSolution
		Debug|Any CPU = Debug|Any CPU
		Release|Any CPU = Release|Any CPU
	EndGlobalSection
	GlobalSection(ProjectConfigurationPlatforms) = postSolution
		{FCB89795-3CA3-4D8F-9571-C0883A50A23F}.Debug|Any CPU.ActiveCfg = Debug|Any CPU
		{FCB89795-3CA3-4D8F-9571-C0883A50A23F}.Debug|Any CPU.Build.0 = Debug|Any CPU
		{FCB89795-3CA3-4D8F-9571-C0883A50A23F}.Release|Any CPU.ActiveCfg = Release|Any CPU
		{FCB89795-3CA3-4D8F-9571-C0883A50A23F}.Release|Any CPU.Build.0 = Release|Any CPU
	EndGlobalSection
	GlobalSection(SolutionProperties) = preSolution
		HideSolutionNode = FALSE
	EndGlobalSection
	GlobalSection(ExtensibilityGlobals) = postSolution
		SolutionGuid = {6CD6293B-2DEB-4955-B7E2-CB814B7E5D67}
	EndGlobalSection
EndGlobal
